// !$*UTF8*$!
{
	archiveVersion = 1;
	classes = {
	};
	objectVersion = 51;
	objects = {

/* Begin PBXBuildFile section */
		5CA76923ED88CFCBBF4A9FA4 /* Pods_TinyConstraintLearn.framework in Frameworks */ = {isa = PBXBuildFile; fileRef = 562E7B19EE1873F0A9AEB024 /* Pods_TinyConstraintLearn.framework */; };
		BA3AC048236DC8B300299198 /* AppDelegate.swift in Sources */ = {isa = PBXBuildFile; fileRef = BA3AC047236DC8B300299198 /* AppDelegate.swift */; };
		BA3AC04A236DC8B300299198 /* SceneDelegate.swift in Sources */ = {isa = PBXBuildFile; fileRef = BA3AC049236DC8B300299198 /* SceneDelegate.swift */; };
		BA3AC04C236DC8B300299198 /* ViewController.swift in Sources */ = {isa = PBXBuildFile; fileRef = BA3AC04B236DC8B300299198 /* ViewController.swift */; };
		BA3AC04F236DC8B300299198 /* Main.storyboard in Resources */ = {isa = PBXBuildFile; fileRef = BA3AC04D236DC8B300299198 /* Main.storyboard */; };
		BA3AC051236DC8B600299198 /* Assets.xcassets in Resources */ = {isa = PBXBuildFile; fileRef = BA3AC050236DC8B600299198 /* Assets.xcassets */; };
		BA3AC054236DC8B600299198 /* LaunchScreen.storyboard in Resources */ = {isa = PBXBuildFile; fileRef = BA3AC052236DC8B600299198 /* LaunchScreen.storyboard */; };
		BA3AC05C236DCB3900299198 /* CustomView.swift in Sources */ = {isa = PBXBuildFile; fileRef = BA3AC05B236DCB3900299198 /* CustomView.swift */; };
		BA3AC05E236DCE2900299198 /* ControllerExtension.swift in Sources */ = {isa = PBXBuildFile; fileRef = BA3AC05D236DCE2900299198 /* ControllerExtension.swift */; };
/* End PBXBuildFile section */

/* Begin PBXFileReference section */
		120BB29AF9B51ADE1EFCB6B1 /* Pods-TinyConstraintLearn.debug.xcconfig */ = {isa = PBXFileReference; includeInIndex = 1; lastKnownFileType = text.xcconfig; name = "Pods-TinyConstraintLearn.debug.xcconfig"; path = "Target Support Files/Pods-TinyConstraintLearn/Pods-TinyConstraintLearn.debug.xcconfig"; sourceTree = "<group>"; };
		562E7B19EE1873F0A9AEB024 /* Pods_TinyConstraintLearn.framework */ = {isa = PBXFileReference; explicitFileType = wrapper.framework; includeInIndex = 0; path = Pods_TinyConstraintLearn.framework; sourceTree = BUILT_PRODUCTS_DIR; };
		85435A5E846EAA6C41992D40 /* Pods-TinyConstraintLearn.release.xcconfig */ = {isa = PBXFileReference; includeInIndex = 1; lastKnownFileType = text.xcconfig; name = "Pods-TinyConstraintLearn.release.xcconfig"; path = "Target Support Files/Pods-TinyConstraintLearn/Pods-TinyConstraintLearn.release.xcconfig"; sourceTree = "<group>"; };
		BA3AC044236DC8B300299198 /* TinyConstraintLearn.app */ = {isa = PBXFileReference; explicitFileType = wrapper.application; includeInIndex = 0; path = TinyConstraintLearn.app; sourceTree = BUILT_PRODUCTS_DIR; };
		BA3AC047236DC8B300299198 /* AppDelegate.swift */ = {isa = PBXFileReference; lastKnownFileType = sourcecode.swift; path = AppDelegate.swift; sourceTree = "<group>"; };
		BA3AC049236DC8B300299198 /* SceneDelegate.swift */ = {isa = PBXFileReference; lastKnownFileType = sourcecode.swift; path = SceneDelegate.swift; sourceTree = "<group>"; };
		BA3AC04B236DC8B300299198 /* ViewController.swift */ = {isa = PBXFileReference; lastKnownFileType = sourcecode.swift; path = ViewController.swift; sourceTree = "<group>"; };
		BA3AC04E236DC8B300299198 /* Base */ = {isa = PBXFileReference; lastKnownFileType = file.storyboard; name = Base; path = Base.lproj/Main.storyboard; sourceTree = "<group>"; };
		BA3AC050236DC8B600299198 /* Assets.xcassets */ = {isa = PBXFileReference; lastKnownFileType = folder.assetcatalog; path = Assets.xcassets; sourceTree = "<group>"; };
		BA3AC053236DC8B600299198 /* Base */ = {isa = PBXFileReference; lastKnownFileType = file.storyboard; name = Base; path = Base.lproj/LaunchScreen.storyboard; sourceTree = "<group>"; };
		BA3AC055236DC8B600299198 /* Info.plist */ = {isa = PBXFileReference; lastKnownFileType = text.plist.xml; path = Info.plist; sourceTree = "<group>"; };
		BA3AC05B236DCB3900299198 /* CustomView.swift */ = {isa = PBXFileReference; lastKnownFileType = sourcecode.swift; path = CustomView.swift; sourceTree = "<group>"; };
		BA3AC05D236DCE2900299198 /* ControllerExtension.swift */ = {isa = PBXFileReference; lastKnownFileType = sourcecode.swift; path = ControllerExtension.swift; sourceTree = "<group>"; };
/* End PBXFileReference section */

/* Begin PBXFrameworksBuildPhase section */
		BA3AC041236DC8B300299198 /* Frameworks */ = {
			isa = PBXFrameworksBuildPhase;
			buildActionMask = 2147483647;
			files = (
				5CA76923ED88CFCBBF4A9FA4 /* Pods_TinyConstraintLearn.framework in Frameworks */,
			);
			runOnlyForDeploymentPostprocessing = 0;
		};
/* End PBXFrameworksBuildPhase section */

/* Begin PBXGroup section */
		026ADED5226865EA1FEF83B8 /* Frameworks */ = {
			isa = PBXGroup;
			children = (
				562E7B19EE1873F0A9AEB024 /* Pods_TinyConstraintLearn.framework */,
			);
			name = Frameworks;
			sourceTree = "<group>";
		};
		29E3381422A3326F922227D2 /* Pods */ = {
			isa = PBXGroup;
			children = (
				120BB29AF9B51ADE1EFCB6B1 /* Pods-TinyConstraintLearn.debug.xcconfig */,
				85435A5E846EAA6C41992D40 /* Pods-TinyConstraintLearn.release.xcconfig */,
			);
			path = Pods;
			sourceTree = "<group>";
		};
		BA3AC03B236DC8B300299198 = {
			isa = PBXGroup;
			children = (
				BA3AC046236DC8B300299198 /* TinyConstraintLearn */,
				BA3AC045236DC8B300299198 /* Products */,
				29E3381422A3326F922227D2 /* Pods */,
				026ADED5226865EA1FEF83B8 /* Frameworks */,
			);
			sourceTree = "<group>";
		};
		BA3AC045236DC8B300299198 /* Products */ = {
			isa = PBXGroup;
			children = (
				BA3AC044236DC8B300299198 /* TinyConstraintLearn.app */,
			);
			name = Products;
			sourceTree = "<group>";
		};
		BA3AC046236DC8B300299198 /* TinyConstraintLearn */ = {
			isa = PBXGroup;
			children = (
				BA3AC047236DC8B300299198 /* AppDelegate.swift */,
				BA3AC049236DC8B300299198 /* SceneDelegate.swift */,
				BA3AC04B236DC8B300299198 /* ViewController.swift */,
				BA3AC05D236DCE2900299198 /* ControllerExtension.swift */,
				BA3AC05B236DCB3900299198 /* CustomView.swift */,
				BA3AC04D236DC8B300299198 /* Main.storyboard */,
				BA3AC050236DC8B600299198 /* Assets.xcassets */,
				BA3AC052236DC8B600299198 /* LaunchScreen.storyboard */,
				BA3AC055236DC8B600299198 /* Info.plist */,
			);
			path = TinyConstraintLearn;
			sourceTree = "<group>";
		};
/* End PBXGroup section */

/* Begin PBXNativeTarget section */
		BA3AC043236DC8B300299198 /* TinyConstraintLearn */ = {
			isa = PBXNativeTarget;
			buildConfigurationList = BA3AC058236DC8B600299198 /* Build configuration list for PBXNativeTarget "TinyConstraintLearn" */;
			buildPhases = (
				7D13BF6E16ABFF2032B1B4F7 /* [CP] Check Pods Manifest.lock */,
				BA3AC040236DC8B300299198 /* Sources */,
				BA3AC041236DC8B300299198 /* Frameworks */,
				BA3AC042236DC8B300299198 /* Resources */,
				086BDFF869EEB209833A5119 /* [CP] Embed Pods Frameworks */,
			);
			buildRules = (
			);
			dependencies = (
			);
			name = TinyConstraintLearn;
			productName = TinyConstraintLearn;
			productReference = BA3AC044236DC8B300299198 /* TinyConstraintLearn.app */;
			productType = "com.apple.product-type.application";
		};
/* End PBXNativeTarget section */

/* Begin PBXProject section */
		BA3AC03C236DC8B300299198 /* Project object */ = {
			isa = PBXProject;
			attributes = {
				LastSwiftUpdateCheck = 1110;
				LastUpgradeCheck = 1110;
				ORGANIZATIONNAME = Mohamed74;
				TargetAttributes = {
					BA3AC043236DC8B300299198 = {
						CreatedOnToolsVersion = 11.1;
					};
				};
			};
			buildConfigurationList = BA3AC03F236DC8B300299198 /* Build configuration list for PBXProject "TinyConstraintLearn" */;
			compatibilityVersion = "Xcode 9.3";
			developmentRegion = en;
			hasScannedForEncodings = 0;
			knownRegions = (
				en,
				Base,
			);
			mainGroup = BA3AC03B236DC8B300299198;
			productRefGroup = BA3AC045236DC8B300299198 /* Products */;
			projectDirPath = "";
			projectRoot = "";
			targets = (
				BA3AC043236DC8B300299198 /* TinyConstraintLearn */,
			);
		};
/* End PBXProject section */

/* Begin PBXResourcesBuildPhase section */
		BA3AC042236DC8B300299198 /* Resources */ = {
			isa = PBXResourcesBuildPhase;
			buildActionMask = 2147483647;
			files = (
				BA3AC054236DC8B600299198 /* LaunchScreen.storyboard in Resources */,
				BA3AC051236DC8B600299198 /* Assets.xcassets in Resources */,
				BA3AC04F236DC8B300299198 /* Main.storyboard in Resources */,
			);
			runOnlyForDeploymentPostprocessing = 0;
		};
/* End PBXResourcesBuildPhase section */

/* Begin PBXShellScriptBuildPhase section */
		086BDFF869EEB209833A5119 /* [CP] Embed Pods Frameworks */ = {
			isa = PBXShellScriptBuildPhase;
			buildActionMask = 2147483647;
			files = (
			);
			inputFileListPaths = (
				"${PODS_ROOT}/Target Support Files/Pods-TinyConstraintLearn/Pods-TinyConstraintLearn-frameworks-${CONFIGURATION}-input-files.xcfilelist",
			);
			name = "[CP] Embed Pods Frameworks";
			outputFileListPaths = (
				"${PODS_ROOT}/Target Support Files/Pods-TinyConstraintLearn/Pods-TinyConstraintLearn-frameworks-${CONFIGURATION}-output-files.xcfilelist",
			);
			runOnlyForDeploymentPostprocessing = 0;
			shellPath = /bin/sh;
			shellScript = "\"${PODS_ROOT}/Target Support Files/Pods-TinyConstraintLearn/Pods-TinyConstraintLearn-frameworks.sh\"\n";
			showEnvVarsInLog = 0;
		};
		7D13BF6E16ABFF2032B1B4F7 /* [CP] Check Pods Manifest.lock */ = {
			isa = PBXShellScriptBuildPhase;
			buildActionMask = 2147483647;
			files = (
			);
			inputFileListPaths = (
			);
			inputPaths = (
				"${PODS_PODFILE_DIR_PATH}/Podfile.lock",
				"${PODS_ROOT}/Manifest.lock",
			);
			name = "[CP] Check Pods Manifest.lock";
			outputFileListPaths = (
			);
			outputPaths = (
				"$(DERIVED_FILE_DIR)/Pods-TinyConstraintLearn-checkManifestLockResult.txt",
			);
			runOnlyForDeploymentPostprocessing = 0;
			shellPath = /bin/sh;
			shellScript = "diff \"${PODS_PODFILE_DIR_PATH}/Podfile.lock\" \"${PODS_ROOT}/Manifest.lock\" > /dev/null\nif [ $? != 0 ] ; then\n    # print error to STDERR\n    echo \"error: The sandbox is not in sync with the Podfile.lock. Run 'pod install' or update your CocoaPods installation.\" >&2\n    exit 1\nfi\n# This output is used by Xcode 'outputs' to avoid re-running this script phase.\necho \"SUCCESS\" > \"${SCRIPT_OUTPUT_FILE_0}\"\n";
			showEnvVarsInLog = 0;
		};
/* End PBXShellScriptBuildPhase section */

/* Begin PBXSourcesBuildPhase section */
		BA3AC040236DC8B300299198 /* Sources */ = {
			isa = PBXSourcesBuildPhase;
			buildActionMask = 2147483647;
			files = (
				BA3AC04C236DC8B300299198 /* ViewController.swift in Sources */,
				BA3AC05C236DCB3900299198 /* CustomView.swift in Sources */,
				BA3AC048236DC8B300299198 /* AppDelegate.swift in Sources */,
				BA3AC04A236DC8B300299198 /* SceneDelegate.swift in Sources */,
				BA3AC05E236DCE2900299198 /* ControllerExtension.swift in Sources */,
			);
			runOnlyForDeploymentPostprocessing = 0;
		};
/* End PBXSourcesBuildPhase section */

/* Begin PBXVariantGroup section */
		BA3AC04D236DC8B300299198 /* Main.storyboard */ = {
			isa = PBXVariantGroup;
			children = (
				BA3AC04E236DC8B300299198 /* Base */,
			);
			name = Main.storyboard;
			sourceTree = "<group>";
		};
		BA3AC052236DC8B600299198 /* LaunchScreen.storyboard */ = {
			isa = PBXVariantGroup;
			children = (
				BA3AC053236DC8B600299198 /* Base */,
			);
			name = LaunchScreen.storyboard;
			sourceTree = "<group>";
		};
/* End PBXVariantGroup section */

/* Begin XCBuildConfiguration section */
		BA3AC056236DC8B600299198 /* Debug */ = {
			isa = XCBuildConfiguration;
			buildSettings = {
				ALWAYS_SEARCH_USER_PATHS = NO;
				CLANG_ANALYZER_NONNULL = YES;
				CLANG_ANALYZER_NUMBER_OBJECT_CONVERSION = YES_AGGRESSIVE;
				CLANG_CXX_LANGUAGE_STANDARD = "gnu++14";
				CLANG_CXX_LIBRARY = "libc++";
				CLANG_ENABLE_MODULES = YES;
				CLANG_ENABLE_OBJC_ARC = YES;
				CLANG_ENABLE_OBJC_WEAK = YES;
				CLANG_WARN_BLOCK_CAPTURE_AUTORELEASING = YES;
				CLANG_WARN_BOOL_CONVERSION = YES;
				CLANG_WARN_COMMA = YES;
				CLANG_WARN_CONSTANT_CONVERSION = YES;
				CLANG_WARN_DEPRECATED_OBJC_IMPLEMENTATIONS = YES;
				CLANG_WARN_DIRECT_OBJC_ISA_USAGE = YES_ERROR;
				CLANG_WARN_DOCUMENTATION_COMMENTS = YES;
				CLANG_WARN_EMPTY_BODY = YES;
				CLANG_WARN_ENUM_CONVERSION = YES;
				CLANG_WARN_INFINITE_RECURSION = YES;
				CLANG_WARN_INT_CONVERSION = YES;
				CLANG_WARN_NON_LITERAL_NULL_CONVERSION = YES;
				CLANG_WARN_OBJC_IMPLICIT_RETAIN_SELF = YES;
				CLANG_WARN_OBJC_LITERAL_CONVERSION = YES;
				CLANG_WARN_OBJC_ROOT_CLASS = YES_ERROR;
				CLANG_WARN_RANGE_LOOP_ANALYSIS = YES;
				CLANG_WARN_STRICT_PROTOTYPES = YES;
				CLANG_WARN_SUSPICIOUS_MOVE = YES;
				CLANG_WARN_UNGUARDED_AVAILABILITY = YES_AGGRESSIVE;
				CLANG_WARN_UNREACHABLE_CODE = YES;
				CLANG_WARN__DUPLICATE_METHOD_MATCH = YES;
				COPY_PHASE_STRIP = NO;
				DEBUG_INFORMATION_FORMAT = dwarf;
				ENABLE_STRICT_OBJC_MSGSEND = YES;
				ENABLE_TESTABILITY = YES;
				GCC_C_LANGUAGE_STANDARD = gnu11;
				GCC_DYNAMIC_NO_PIC = NO;
				GCC_NO_COMMON_BLOCKS = YES;
				GCC_OPTIMIZATION_LEVEL = 0;
				GCC_PREPROCESSOR_DEFINITIONS = (
					"DEBUG=1",
					"$(inherited)",
				);
				GCC_WARN_64_TO_32_BIT_CONVERSION = YES;
				GCC_WARN_ABOUT_RETURN_TYPE = YES_ERROR;
				GCC_WARN_UNDECLARED_SELECTOR = YES;
				GCC_WARN_UNINITIALIZED_AUTOS = YES_AGGRESSIVE;
				GCC_WARN_UNUSED_FUNCTION = YES;
				GCC_WARN_UNUSED_VARIABLE = YES;
				IPHONEOS_DEPLOYMENT_TARGET = 13.1;
				MTL_ENABLE_DEBUG_INFO = INCLUDE_SOURCE;
				MTL_FAST_MATH = YES;
				ONLY_ACTIVE_ARCH = YES;
				SDKROOT = iphoneos;
				SWIFT_ACTIVE_COMPILATION_CONDITIONS = DEBUG;
				SWIFT_OPTIMIZATION_LEVEL = "-Onone";
			};
			name = Debug;
		};
		BA3AC057236DC8B600299198 /* Release */ = {
			isa = XCBuildConfiguration;
			buildSettings = {
				ALWAYS_SEARCH_USER_PATHS = NO;
				CLANG_ANALYZER_NONNULL = YES;
				CLANG_ANALYZER_NUMBER_OBJECT_CONVERSION = YES_AGGRESSIVE;
				CLANG_CXX_LANGUAGE_STANDARD = "gnu++14";
				CLANG_CXX_LIBRARY = "libc++";
				CLANG_ENABLE_MODULES = YES;
				CLANG_ENABLE_OBJC_ARC = YES;
				CLANG_ENABLE_OBJC_WEAK = YES;
				CLANG_WARN_BLOCK_CAPTURE_AUTORELEASING = YES;
				CLANG_WARN_BOOL_CONVERSION = YES;
				CLANG_WARN_COMMA = YES;
				CLANG_WARN_CONSTANT_CONVERSION = YES;
				CLANG_WARN_DEPRECATED_OBJC_IMPLEMENTATIONS = YES;
				CLANG_WARN_DIRECT_OBJC_ISA_USAGE = YES_ERROR;
				CLANG_WARN_DOCUMENTATION_COMMENTS = YES;
				CLANG_WARN_EMPTY_BODY = YES;
				CLANG_WARN_ENUM_CONVERSION = YES;
				CLANG_WARN_INFINITE_RECURSION = YES;
				CLANG_WARN_INT_CONVERSION = YES;
				CLANG_WARN_NON_LITERAL_NULL_CONVERSION = YES;
				CLANG_WARN_OBJC_IMPLICIT_RETAIN_SELF = YES;
				CLANG_WARN_OBJC_LITERAL_CONVERSION = YES;
				CLANG_WARN_OBJC_ROOT_CLASS = YES_ERROR;
				CLANG_WARN_RANGE_LOOP_ANALYSIS = YES;
				CLANG_WARN_STRICT_PROTOTYPES = YES;
				CLANG_WARN_SUSPICIOUS_MOVE = YES;
				CLANG_WARN_UNGUARDED_AVAILABILITY = YES_AGGRESSIVE;
				CLANG_WARN_UNREACHABLE_CODE = YES;
				CLANG_WARN__DUPLICATE_METHOD_MATCH = YES;
				COPY_PHASE_STRIP = NO;
				DEBUG_INFORMATION_FORMAT = "dwarf-with-dsym";
				ENABLE_NS_ASSERTIONS = NO;
				ENABLE_STRICT_OBJC_MSGSEND = YES;
				GCC_C_LANGUAGE_STANDARD = gnu11;
				GCC_NO_COMMON_BLOCKS = YES;
				GCC_WARN_64_TO_32_BIT_CONVERSION = YES;
				GCC_WARN_ABOUT_RETURN_TYPE = YES_ERROR;
				GCC_WARN_UNDECLARED_SELECTOR = YES;
				GCC_WARN_UNINITIALIZED_AUTOS = YES_AGGRESSIVE;
				GCC_WARN_UNUSED_FUNCTION = YES;
				GCC_WARN_UNUSED_VARIABLE = YES;
				IPHONEOS_DEPLOYMENT_TARGET = 13.1;
				MTL_ENABLE_DEBUG_INFO = NO;
				MTL_FAST_MATH = YES;
				SDKROOT = iphoneos;
				SWIFT_COMPILATION_MODE = wholemodule;
				SWIFT_OPTIMIZATION_LEVEL = "-O";
				VALIDATE_PRODUCT = YES;
			};
			name = Release;
		};
		BA3AC059236DC8B600299198 /* Debug */ = {
			isa = XCBuildConfiguration;
			baseConfigurationReference = 120BB29AF9B51ADE1EFCB6B1 /* Pods-TinyConstraintLearn.debug.xcconfig */;
			buildSettings = {
				ASSETCATALOG_COMPILER_APPICON_NAME = AppIcon;
				CODE_SIGN_STYLE = Automatic;
				DEVELOPMENT_TEAM = 2S53RG6Q4M;
				INFOPLIST_FILE = TinyConstraintLearn/Info.plist;
				LD_RUNPATH_SEARCH_PATHS = (
					"$(inherited)",
					"@executable_path/Frameworks",
				);
				PRODUCT_BUNDLE_IDENTIFIER = "Mohamed-osama.TinyConstraintLearn";
				PRODUCT_NAME = "$(TARGET_NAME)";
				SWIFT_VERSION = 5.0;
				TARGETED_DEVICE_FAMILY = "1,2";
			};
			name = Debug;
		};
		BA3AC05A236DC8B600299198 /* Release */ = {
			isa = XCBuildConfiguration;
			baseConfigurationReference = 85435A5E846EAA6C41992D40 /* Pods-TinyConstraintLearn.release.xcconfig */;
			buildSettings = {
				ASSETCATALOG_COMPILER_APPICON_NAME = AppIcon;
				CODE_SIGN_STYLE = Automatic;
				DEVELOPMENT_TEAM = 2S53RG6Q4M;
				INFOPLIST_FILE = TinyConstraintLearn/Info.plist;
				LD_RUNPATH_SEARCH_PATHS = (
					"$(inherited)",
					"@executable_path/Frameworks",
				);
				PRODUCT_BUNDLE_IDENTIFIER = "Mohamed-osama.TinyConstraintLearn";
				PRODUCT_NAME = "$(TARGET_NAME)";
				SWIFT_VERSION = 5.0;
				TARGETED_DEVICE_FAMILY = "1,2";
			};
			name = Release;
		};
/* End XCBuildConfiguration section */

/* Begin XCConfigurationList section */
		BA3AC03F236DC8B300299198 /* Build configuration list for PBXProject "TinyConstraintLearn" */ = {
			isa = XCConfigurationList;
			buildConfigurations = (
				BA3AC056236DC8B600299198 /* Debug */,
				BA3AC057236DC8B600299198 /* Release */,
			);
			defaultConfigurationIsVisible = 0;
			defaultConfigurationName = Release;
		};
		BA3AC058236DC8B600299198 /* Build configuration list for PBXNativeTarget "TinyConstraintLearn" */ = {
			isa = XCConfigurationList;
			buildConfigurations = (
				BA3AC059236DC8B600299198 /* Debug */,
				BA3AC05A236DC8B600299198 /* Release */,
			);
			defaultConfigurationIsVisible = 0;
			defaultConfigurationName = Release;
		};
/* End XCConfigurationList section */
	};
	rootObject = BA3AC03C236DC8B300299198 /* Project object */;
}
